// !$*UTF8*$!
{
	archiveVersion = 1;
	classes = {
	};
	objectVersion = 46;
	objects = {

/* Begin PBXBuildFile section */
		72663ECB635B729A46DD81AD /* libPods-Wallet.a in Frameworks */ = {isa = PBXBuildFile; fileRef = 28C0D83341619D9A49A9CC70 /* libPods-Wallet.a */; };
		9A653B561BA5CDB9004ABC5C /* ControllerTest.m in Sources */ = {isa = PBXBuildFile; fileRef = 9A653B551BA5CDB9004ABC5C /* ControllerTest.m */; };
		9A9353891BD7EFB100114781 /* CurrencyConvertorSoap_SOAPClient.m in Sources */ = {isa = PBXBuildFile; fileRef = 9A9353881BD7EFB100114781 /* CurrencyConvertorSoap_SOAPClient.m */; };
		9A9353951BD7F06B00114781 /* ConversionRate.m in Sources */ = {isa = PBXBuildFile; fileRef = 9A9353901BD7F06B00114781 /* ConversionRate.m */; };
		9A9353961BD7F06B00114781 /* ConversionRateResponse.m in Sources */ = {isa = PBXBuildFile; fileRef = 9A9353921BD7F06B00114781 /* ConversionRateResponse.m */; };
		9A9353971BD7F06B00114781 /* Currency.m in Sources */ = {isa = PBXBuildFile; fileRef = 9A9353941BD7F06B00114781 /* Currency.m */; };
		9A93539B1BD7F08F00114781 /* CurrencyConvertorSoap_XMLClient.m in Sources */ = {isa = PBXBuildFile; fileRef = 9A93539A1BD7F08F00114781 /* CurrencyConvertorSoap_XMLClient.m */; };
		9A93539E1BD7F13D00114781 /* CurrencyConverterSerivceClient.m in Sources */ = {isa = PBXBuildFile; fileRef = 9A93539D1BD7F13D00114781 /* CurrencyConverterSerivceClient.m */; };
		9AAAD5C21B9E0F4F0053F59B /* main.m in Sources */ = {isa = PBXBuildFile; fileRef = 9AAAD5C11B9E0F4F0053F59B /* main.m */; };
		9AAAD5C51B9E0F4F0053F59B /* AppDelegate.m in Sources */ = {isa = PBXBuildFile; fileRef = 9AAAD5C41B9E0F4F0053F59B /* AppDelegate.m */; };
		9AAAD5C81B9E0F4F0053F59B /* MainViewController.m in Sources */ = {isa = PBXBuildFile; fileRef = 9AAAD5C71B9E0F4F0053F59B /* MainViewController.m */; };
		9AAAD5CB1B9E0F4F0053F59B /* Main.storyboard in Resources */ = {isa = PBXBuildFile; fileRef = 9AAAD5C91B9E0F4F0053F59B /* Main.storyboard */; };
		9AAAD5CD1B9E0F4F0053F59B /* Images.xcassets in Resources */ = {isa = PBXBuildFile; fileRef = 9AAAD5CC1B9E0F4F0053F59B /* Images.xcassets */; };
		9AAAD5D01B9E0F4F0053F59B /* LaunchScreen.xib in Resources */ = {isa = PBXBuildFile; fileRef = 9AAAD5CE1B9E0F4F0053F59B /* LaunchScreen.xib */; };
		9AC700651BD94FB300A07435 /* ConverterViewController.m in Sources */ = {isa = PBXBuildFile; fileRef = 9AC700641BD94FB300A07435 /* ConverterViewController.m */; };
		9ADBD2C61BA2EB0E00735722 /* BrokerTest.m in Sources */ = {isa = PBXBuildFile; fileRef = 9ADBD2C51BA2EB0E00735722 /* BrokerTest.m */; };
		9ADBD2C91BA2EC0300735722 /* Broker.m in Sources */ = {isa = PBXBuildFile; fileRef = 9ADBD2C81BA2EC0300735722 /* Broker.m */; };
		9ADBD2CA1BA2EC2100735722 /* Broker.m in Sources */ = {isa = PBXBuildFile; fileRef = 9ADBD2C81BA2EC0300735722 /* Broker.m */; };
		9ADBD2CC1BA2FD6200735722 /* WalletTest.m in Sources */ = {isa = PBXBuildFile; fileRef = 9ADBD2CB1BA2FD6200735722 /* WalletTest.m */; };
		9ADBD2CF1BA3117600735722 /* Wallet.m in Sources */ = {isa = PBXBuildFile; fileRef = 9ADBD2CE1BA3117600735722 /* Wallet.m */; };
		9ADBD2D01BA3127300735722 /* Wallet.m in Sources */ = {isa = PBXBuildFile; fileRef = 9ADBD2CE1BA3117600735722 /* Wallet.m */; };
		9AEA2F2D1BA04A69004B2D61 /* Money.m in Sources */ = {isa = PBXBuildFile; fileRef = 9AEA2F2C1BA04A69004B2D61 /* Money.m */; };
		9AEA2F2E1BA04A69004B2D61 /* Money.m in Sources */ = {isa = PBXBuildFile; fileRef = 9AEA2F2C1BA04A69004B2D61 /* Money.m */; };
		9AEA2F321BA04CB3004B2D61 /* NSObject+GNUStepAddons.m in Sources */ = {isa = PBXBuildFile; fileRef = 9AEA2F311BA04CB3004B2D61 /* NSObject+GNUStepAddons.m */; };
		9AEA2F331BA04CB3004B2D61 /* NSObject+GNUStepAddons.m in Sources */ = {isa = PBXBuildFile; fileRef = 9AEA2F311BA04CB3004B2D61 /* NSObject+GNUStepAddons.m */; };
		9AEA2F351BA05015004B2D61 /* MoneyTest.m in Sources */ = {isa = PBXBuildFile; fileRef = 9AEA2F341BA05015004B2D61 /* MoneyTest.m */; };
/* End PBXBuildFile section */

/* Begin PBXContainerItemProxy section */
		9AAAD5D61B9E0F4F0053F59B /* PBXContainerItemProxy */ = {
			isa = PBXContainerItemProxy;
			containerPortal = 9AAAD5B41B9E0F4F0053F59B /* Project object */;
			proxyType = 1;
			remoteGlobalIDString = 9AAAD5BB1B9E0F4F0053F59B;
			remoteInfo = Wallet;
		};
/* End PBXContainerItemProxy section */

/* Begin PBXFileReference section */
		1106C3A67A3EA83720F166D0 /* Pods-Wallet.debug.xcconfig */ = {isa = PBXFileReference; includeInIndex = 1; lastKnownFileType = text.xcconfig; name = "Pods-Wallet.debug.xcconfig"; path = "Pods/Target Support Files/Pods-Wallet/Pods-Wallet.debug.xcconfig"; sourceTree = "<group>"; };
		1E2DC3994AEC8E882700730C /* Pods-Wallet.release.xcconfig */ = {isa = PBXFileReference; includeInIndex = 1; lastKnownFileType = text.xcconfig; name = "Pods-Wallet.release.xcconfig"; path = "Pods/Target Support Files/Pods-Wallet/Pods-Wallet.release.xcconfig"; sourceTree = "<group>"; };
		28C0D83341619D9A49A9CC70 /* libPods-Wallet.a */ = {isa = PBXFileReference; explicitFileType = archive.ar; includeInIndex = 0; path = "libPods-Wallet.a"; sourceTree = BUILT_PRODUCTS_DIR; };
		9A653B551BA5CDB9004ABC5C /* ControllerTest.m */ = {isa = PBXFileReference; fileEncoding = 4; lastKnownFileType = sourcecode.c.objc; path = ControllerTest.m; sourceTree = "<group>"; };
		9A9353871BD7EFB100114781 /* CurrencyConvertorSoap_SOAPClient.h */ = {isa = PBXFileReference; fileEncoding = 4; lastKnownFileType = sourcecode.c.h; name = CurrencyConvertorSoap_SOAPClient.h; path = Client/CurrencyConvertorSoap_SOAPClient.h; sourceTree = "<group>"; };
		9A9353881BD7EFB100114781 /* CurrencyConvertorSoap_SOAPClient.m */ = {isa = PBXFileReference; fileEncoding = 4; lastKnownFileType = sourcecode.c.objc; name = CurrencyConvertorSoap_SOAPClient.m; path = Client/CurrencyConvertorSoap_SOAPClient.m; sourceTree = "<group>"; };
		9A93538B1BD7F00C00114781 /* CommonTypes.h */ = {isa = PBXFileReference; lastKnownFileType = sourcecode.c.h; path = CommonTypes.h; sourceTree = "<group>"; };
		9A93538F1BD7F06B00114781 /* ConversionRate.h */ = {isa = PBXFileReference; fileEncoding = 4; lastKnownFileType = sourcecode.c.h; path = ConversionRate.h; sourceTree = "<group>"; };
		9A9353901BD7F06B00114781 /* ConversionRate.m */ = {isa = PBXFileReference; fileEncoding = 4; lastKnownFileType = sourcecode.c.objc; path = ConversionRate.m; sourceTree = "<group>"; };
		9A9353911BD7F06B00114781 /* ConversionRateResponse.h */ = {isa = PBXFileReference; fileEncoding = 4; lastKnownFileType = sourcecode.c.h; path = ConversionRateResponse.h; sourceTree = "<group>"; };
		9A9353921BD7F06B00114781 /* ConversionRateResponse.m */ = {isa = PBXFileReference; fileEncoding = 4; lastKnownFileType = sourcecode.c.objc; path = ConversionRateResponse.m; sourceTree = "<group>"; };
		9A9353931BD7F06B00114781 /* Currency.h */ = {isa = PBXFileReference; fileEncoding = 4; lastKnownFileType = sourcecode.c.h; path = Currency.h; sourceTree = "<group>"; };
		9A9353941BD7F06B00114781 /* Currency.m */ = {isa = PBXFileReference; fileEncoding = 4; lastKnownFileType = sourcecode.c.objc; path = Currency.m; sourceTree = "<group>"; };
		9A9353991BD7F08F00114781 /* CurrencyConvertorSoap_XMLClient.h */ = {isa = PBXFileReference; fileEncoding = 4; lastKnownFileType = sourcecode.c.h; path = CurrencyConvertorSoap_XMLClient.h; sourceTree = "<group>"; };
		9A93539A1BD7F08F00114781 /* CurrencyConvertorSoap_XMLClient.m */ = {isa = PBXFileReference; fileEncoding = 4; lastKnownFileType = sourcecode.c.objc; path = CurrencyConvertorSoap_XMLClient.m; sourceTree = "<group>"; };
		9A93539C1BD7F13D00114781 /* CurrencyConverterSerivceClient.h */ = {isa = PBXFileReference; fileEncoding = 4; lastKnownFileType = sourcecode.c.h; path = CurrencyConverterSerivceClient.h; sourceTree = "<group>"; };
		9A93539D1BD7F13D00114781 /* CurrencyConverterSerivceClient.m */ = {isa = PBXFileReference; fileEncoding = 4; lastKnownFileType = sourcecode.c.objc; path = CurrencyConverterSerivceClient.m; sourceTree = "<group>"; };
		9AAAD5BC1B9E0F4F0053F59B /* Wallet.app */ = {isa = PBXFileReference; explicitFileType = wrapper.application; includeInIndex = 0; path = Wallet.app; sourceTree = BUILT_PRODUCTS_DIR; };
		9AAAD5C01B9E0F4F0053F59B /* Info.plist */ = {isa = PBXFileReference; lastKnownFileType = text.plist.xml; path = Info.plist; sourceTree = "<group>"; };
		9AAAD5C11B9E0F4F0053F59B /* main.m */ = {isa = PBXFileReference; lastKnownFileType = sourcecode.c.objc; path = main.m; sourceTree = "<group>"; };
		9AAAD5C31B9E0F4F0053F59B /* AppDelegate.h */ = {isa = PBXFileReference; lastKnownFileType = sourcecode.c.h; path = AppDelegate.h; sourceTree = "<group>"; };
		9AAAD5C41B9E0F4F0053F59B /* AppDelegate.m */ = {isa = PBXFileReference; lastKnownFileType = sourcecode.c.objc; path = AppDelegate.m; sourceTree = "<group>"; };
		9AAAD5C61B9E0F4F0053F59B /* MainViewController.h */ = {isa = PBXFileReference; lastKnownFileType = sourcecode.c.h; path = MainViewController.h; sourceTree = "<group>"; };
		9AAAD5C71B9E0F4F0053F59B /* MainViewController.m */ = {isa = PBXFileReference; lastKnownFileType = sourcecode.c.objc; path = MainViewController.m; sourceTree = "<group>"; };
		9AAAD5CA1B9E0F4F0053F59B /* Base */ = {isa = PBXFileReference; lastKnownFileType = file.storyboard; name = Base; path = Base.lproj/Main.storyboard; sourceTree = "<group>"; };
		9AAAD5CC1B9E0F4F0053F59B /* Images.xcassets */ = {isa = PBXFileReference; lastKnownFileType = folder.assetcatalog; path = Images.xcassets; sourceTree = "<group>"; };
		9AAAD5CF1B9E0F4F0053F59B /* Base */ = {isa = PBXFileReference; lastKnownFileType = file.xib; name = Base; path = Base.lproj/LaunchScreen.xib; sourceTree = "<group>"; };
		9AAAD5D51B9E0F4F0053F59B /* WalletTests.xctest */ = {isa = PBXFileReference; explicitFileType = wrapper.cfbundle; includeInIndex = 0; path = WalletTests.xctest; sourceTree = BUILT_PRODUCTS_DIR; };
		9AAAD5DA1B9E0F4F0053F59B /* Info.plist */ = {isa = PBXFileReference; lastKnownFileType = text.plist.xml; path = Info.plist; sourceTree = "<group>"; };
		9AC700631BD94FB300A07435 /* ConverterViewController.h */ = {isa = PBXFileReference; fileEncoding = 4; lastKnownFileType = sourcecode.c.h; path = ConverterViewController.h; sourceTree = "<group>"; };
		9AC700641BD94FB300A07435 /* ConverterViewController.m */ = {isa = PBXFileReference; fileEncoding = 4; lastKnownFileType = sourcecode.c.objc; path = ConverterViewController.m; sourceTree = "<group>"; };
		9ADBD2C51BA2EB0E00735722 /* BrokerTest.m */ = {isa = PBXFileReference; fileEncoding = 4; lastKnownFileType = sourcecode.c.objc; path = BrokerTest.m; sourceTree = "<group>"; };
		9ADBD2C71BA2EC0300735722 /* Broker.h */ = {isa = PBXFileReference; fileEncoding = 4; lastKnownFileType = sourcecode.c.h; path = Broker.h; sourceTree = "<group>"; };
		9ADBD2C81BA2EC0300735722 /* Broker.m */ = {isa = PBXFileReference; fileEncoding = 4; lastKnownFileType = sourcecode.c.objc; path = Broker.m; sourceTree = "<group>"; };
		9ADBD2CB1BA2FD6200735722 /* WalletTest.m */ = {isa = PBXFileReference; fileEncoding = 4; lastKnownFileType = sourcecode.c.objc; path = WalletTest.m; sourceTree = "<group>"; };
		9ADBD2CD1BA3117600735722 /* Wallet.h */ = {isa = PBXFileReference; fileEncoding = 4; lastKnownFileType = sourcecode.c.h; path = Wallet.h; sourceTree = "<group>"; };
		9ADBD2CE1BA3117600735722 /* Wallet.m */ = {isa = PBXFileReference; fileEncoding = 4; lastKnownFileType = sourcecode.c.objc; path = Wallet.m; sourceTree = "<group>"; };
		9AEA2F2B1BA04A69004B2D61 /* Money.h */ = {isa = PBXFileReference; fileEncoding = 4; lastKnownFileType = sourcecode.c.h; path = Money.h; sourceTree = "<group>"; };
		9AEA2F2C1BA04A69004B2D61 /* Money.m */ = {isa = PBXFileReference; fileEncoding = 4; lastKnownFileType = sourcecode.c.objc; path = Money.m; sourceTree = "<group>"; };
		9AEA2F301BA04CB3004B2D61 /* NSObject+GNUStepAddons.h */ = {isa = PBXFileReference; fileEncoding = 4; lastKnownFileType = sourcecode.c.h; path = "NSObject+GNUStepAddons.h"; sourceTree = "<group>"; };
		9AEA2F311BA04CB3004B2D61 /* NSObject+GNUStepAddons.m */ = {isa = PBXFileReference; fileEncoding = 4; lastKnownFileType = sourcecode.c.objc; path = "NSObject+GNUStepAddons.m"; sourceTree = "<group>"; };
		9AEA2F341BA05015004B2D61 /* MoneyTest.m */ = {isa = PBXFileReference; fileEncoding = 4; lastKnownFileType = sourcecode.c.objc; path = MoneyTest.m; sourceTree = "<group>"; };
/* End PBXFileReference section */

/* Begin PBXFrameworksBuildPhase section */
		9AAAD5B91B9E0F4F0053F59B /* Frameworks */ = {
			isa = PBXFrameworksBuildPhase;
			buildActionMask = 2147483647;
			files = (
				72663ECB635B729A46DD81AD /* libPods-Wallet.a in Frameworks */,
			);
			runOnlyForDeploymentPostprocessing = 0;
		};
		9AAAD5D21B9E0F4F0053F59B /* Frameworks */ = {
			isa = PBXFrameworksBuildPhase;
			buildActionMask = 2147483647;
			files = (
			);
			runOnlyForDeploymentPostprocessing = 0;
		};
/* End PBXFrameworksBuildPhase section */

/* Begin PBXGroup section */
		2D4771755B73558DC182981D /* Frameworks */ = {
			isa = PBXGroup;
			children = (
				28C0D83341619D9A49A9CC70 /* libPods-Wallet.a */,
			);
			name = Frameworks;
			sourceTree = "<group>";
		};
		41E0F8915F63251A22BD99F9 /* Pods */ = {
			isa = PBXGroup;
			children = (
				1106C3A67A3EA83720F166D0 /* Pods-Wallet.debug.xcconfig */,
				1E2DC3994AEC8E882700730C /* Pods-Wallet.release.xcconfig */,
			);
			name = Pods;
			sourceTree = "<group>";
		};
		9A653B4C1BA5CD58004ABC5C /* Controllers */ = {
			isa = PBXGroup;
			children = (
				9AAAD5C61B9E0F4F0053F59B /* MainViewController.h */,
				9AAAD5C71B9E0F4F0053F59B /* MainViewController.m */,
				9AC700631BD94FB300A07435 /* ConverterViewController.h */,
				9AC700641BD94FB300A07435 /* ConverterViewController.m */,
			);
			name = Controllers;
			sourceTree = "<group>";
		};
		9A653B541BA5CD89004ABC5C /* Controllers */ = {
			isa = PBXGroup;
			children = (
				9A653B551BA5CDB9004ABC5C /* ControllerTest.m */,
			);
			name = Controllers;
			sourceTree = "<group>";
		};
		9A93538A1BD7EFB600114781 /* Client */ = {
			isa = PBXGroup;
			children = (
				9A9353991BD7F08F00114781 /* CurrencyConvertorSoap_XMLClient.h */,
				9A93539A1BD7F08F00114781 /* CurrencyConvertorSoap_XMLClient.m */,
				9A9353871BD7EFB100114781 /* CurrencyConvertorSoap_SOAPClient.h */,
				9A9353881BD7EFB100114781 /* CurrencyConvertorSoap_SOAPClient.m */,
				9A93539C1BD7F13D00114781 /* CurrencyConverterSerivceClient.h */,
				9A93539D1BD7F13D00114781 /* CurrencyConverterSerivceClient.m */,
			);
			name = Client;
			sourceTree = "<group>";
		};
		9A9353981BD7F07700114781 /* Proxy */ = {
			isa = PBXGroup;
			children = (
				9A93538A1BD7EFB600114781 /* Client */,
				9A93538B1BD7F00C00114781 /* CommonTypes.h */,
				9A93538F1BD7F06B00114781 /* ConversionRate.h */,
				9A9353901BD7F06B00114781 /* ConversionRate.m */,
				9A9353911BD7F06B00114781 /* ConversionRateResponse.h */,
				9A9353921BD7F06B00114781 /* ConversionRateResponse.m */,
				9A9353931BD7F06B00114781 /* Currency.h */,
				9A9353941BD7F06B00114781 /* Currency.m */,
			);
			name = Proxy;
			sourceTree = "<group>";
		};
		9AAAD5B31B9E0F4F0053F59B = {
			isa = PBXGroup;
			children = (
				9AAAD5BE1B9E0F4F0053F59B /* Wallet */,
				9AAAD5D81B9E0F4F0053F59B /* WalletTests */,
				9AAAD5BD1B9E0F4F0053F59B /* Products */,
				41E0F8915F63251A22BD99F9 /* Pods */,
				2D4771755B73558DC182981D /* Frameworks */,
			);
			sourceTree = "<group>";
		};
		9AAAD5BD1B9E0F4F0053F59B /* Products */ = {
			isa = PBXGroup;
			children = (
				9AAAD5BC1B9E0F4F0053F59B /* Wallet.app */,
				9AAAD5D51B9E0F4F0053F59B /* WalletTests.xctest */,
			);
			name = Products;
			sourceTree = "<group>";
		};
		9AAAD5BE1B9E0F4F0053F59B /* Wallet */ = {
			isa = PBXGroup;
			children = (
				9AAAD5C31B9E0F4F0053F59B /* AppDelegate.h */,
				9AAAD5C41B9E0F4F0053F59B /* AppDelegate.m */,
				9A9353981BD7F07700114781 /* Proxy */,
				9A653B4C1BA5CD58004ABC5C /* Controllers */,
				9AEA2F2F1BA04C90004B2D61 /* Categories */,
				9AEA2F2A1BA047B7004B2D61 /* Money */,
				9AAAD5C91B9E0F4F0053F59B /* Main.storyboard */,
				9AAAD5CC1B9E0F4F0053F59B /* Images.xcassets */,
				9AAAD5CE1B9E0F4F0053F59B /* LaunchScreen.xib */,
				9AAAD5BF1B9E0F4F0053F59B /* Supporting Files */,
			);
			path = Wallet;
			sourceTree = "<group>";
		};
		9AAAD5BF1B9E0F4F0053F59B /* Supporting Files */ = {
			isa = PBXGroup;
			children = (
				9AAAD5C01B9E0F4F0053F59B /* Info.plist */,
				9AAAD5C11B9E0F4F0053F59B /* main.m */,
			);
			name = "Supporting Files";
			sourceTree = "<group>";
		};
		9AAAD5D81B9E0F4F0053F59B /* WalletTests */ = {
			isa = PBXGroup;
			children = (
				9A653B541BA5CD89004ABC5C /* Controllers */,
				9AAAD5E51B9E10050053F59B /* Models */,
				9AAAD5D91B9E0F4F0053F59B /* Supporting Files */,
			);
			path = WalletTests;
			sourceTree = "<group>";
		};
		9AAAD5D91B9E0F4F0053F59B /* Supporting Files */ = {
			isa = PBXGroup;
			children = (
				9AAAD5DA1B9E0F4F0053F59B /* Info.plist */,
			);
			name = "Supporting Files";
			sourceTree = "<group>";
		};
		9AAAD5E51B9E10050053F59B /* Models */ = {
			isa = PBXGroup;
			children = (
				9AEA2F341BA05015004B2D61 /* MoneyTest.m */,
				9ADBD2C51BA2EB0E00735722 /* BrokerTest.m */,
				9ADBD2CB1BA2FD6200735722 /* WalletTest.m */,
			);
			name = Models;
			sourceTree = "<group>";
		};
		9AEA2F2A1BA047B7004B2D61 /* Money */ = {
			isa = PBXGroup;
			children = (
				9AEA2F2B1BA04A69004B2D61 /* Money.h */,
				9AEA2F2C1BA04A69004B2D61 /* Money.m */,
				9ADBD2C71BA2EC0300735722 /* Broker.h */,
				9ADBD2C81BA2EC0300735722 /* Broker.m */,
				9ADBD2CD1BA3117600735722 /* Wallet.h */,
				9ADBD2CE1BA3117600735722 /* Wallet.m */,
			);
			name = Money;
			sourceTree = "<group>";
		};
		9AEA2F2F1BA04C90004B2D61 /* Categories */ = {
			isa = PBXGroup;
			children = (
				9AEA2F301BA04CB3004B2D61 /* NSObject+GNUStepAddons.h */,
				9AEA2F311BA04CB3004B2D61 /* NSObject+GNUStepAddons.m */,
			);
			name = Categories;
			sourceTree = "<group>";
		};
/* End PBXGroup section */

/* Begin PBXNativeTarget section */
		9AAAD5BB1B9E0F4F0053F59B /* Wallet */ = {
			isa = PBXNativeTarget;
			buildConfigurationList = 9AAAD5DF1B9E0F4F0053F59B /* Build configuration list for PBXNativeTarget "Wallet" */;
			buildPhases = (
				C8FFE267E32D0DA561F352B4 /* Check Pods Manifest.lock */,
				9AAAD5B81B9E0F4F0053F59B /* Sources */,
				9AAAD5B91B9E0F4F0053F59B /* Frameworks */,
				9AAAD5BA1B9E0F4F0053F59B /* Resources */,
				519978AF820F4B59A43C5FCE /* Copy Pods Resources */,
			);
			buildRules = (
			);
			dependencies = (
			);
			name = Wallet;
			productName = Wallet;
			productReference = 9AAAD5BC1B9E0F4F0053F59B /* Wallet.app */;
			productType = "com.apple.product-type.application";
		};
		9AAAD5D41B9E0F4F0053F59B /* WalletTests */ = {
			isa = PBXNativeTarget;
			buildConfigurationList = 9AAAD5E21B9E0F4F0053F59B /* Build configuration list for PBXNativeTarget "WalletTests" */;
			buildPhases = (
				9AAAD5D11B9E0F4F0053F59B /* Sources */,
				9AAAD5D21B9E0F4F0053F59B /* Frameworks */,
				9AAAD5D31B9E0F4F0053F59B /* Resources */,
			);
			buildRules = (
			);
			dependencies = (
				9AAAD5D71B9E0F4F0053F59B /* PBXTargetDependency */,
			);
			name = WalletTests;
			productName = WalletTests;
			productReference = 9AAAD5D51B9E0F4F0053F59B /* WalletTests.xctest */;
			productType = "com.apple.product-type.bundle.unit-test";
		};
/* End PBXNativeTarget section */

/* Begin PBXProject section */
		9AAAD5B41B9E0F4F0053F59B /* Project object */ = {
			isa = PBXProject;
			attributes = {
				LastUpgradeCheck = 0700;
				ORGANIZATIONNAME = manuelainc;
				TargetAttributes = {
					9AAAD5BB1B9E0F4F0053F59B = {
						CreatedOnToolsVersion = 6.4;
						DevelopmentTeam = XES5QWXA6F;
					};
					9AAAD5D41B9E0F4F0053F59B = {
						CreatedOnToolsVersion = 6.4;
						TestTargetID = 9AAAD5BB1B9E0F4F0053F59B;
					};
				};
			};
			buildConfigurationList = 9AAAD5B71B9E0F4F0053F59B /* Build configuration list for PBXProject "Wallet" */;
			compatibilityVersion = "Xcode 3.2";
			developmentRegion = English;
			hasScannedForEncodings = 0;
			knownRegions = (
				en,
				Base,
			);
			mainGroup = 9AAAD5B31B9E0F4F0053F59B;
			productRefGroup = 9AAAD5BD1B9E0F4F0053F59B /* Products */;
			projectDirPath = "";
			projectRoot = "";
			targets = (
				9AAAD5BB1B9E0F4F0053F59B /* Wallet */,
				9AAAD5D41B9E0F4F0053F59B /* WalletTests */,
			);
		};
/* End PBXProject section */

/* Begin PBXResourcesBuildPhase section */
		9AAAD5BA1B9E0F4F0053F59B /* Resources */ = {
			isa = PBXResourcesBuildPhase;
			buildActionMask = 2147483647;
			files = (
				9AAAD5CB1B9E0F4F0053F59B /* Main.storyboard in Resources */,
				9AAAD5D01B9E0F4F0053F59B /* LaunchScreen.xib in Resources */,
				9AAAD5CD1B9E0F4F0053F59B /* Images.xcassets in Resources */,
			);
			runOnlyForDeploymentPostprocessing = 0;
		};
		9AAAD5D31B9E0F4F0053F59B /* Resources */ = {
			isa = PBXResourcesBuildPhase;
			buildActionMask = 2147483647;
			files = (
			);
			runOnlyForDeploymentPostprocessing = 0;
		};
/* End PBXResourcesBuildPhase section */

/* Begin PBXShellScriptBuildPhase section */
		519978AF820F4B59A43C5FCE /* Copy Pods Resources */ = {
			isa = PBXShellScriptBuildPhase;
			buildActionMask = 2147483647;
			files = (
			);
			inputPaths = (
			);
			name = "Copy Pods Resources";
			outputPaths = (
			);
			runOnlyForDeploymentPostprocessing = 0;
			shellPath = /bin/sh;
			shellScript = "\"${SRCROOT}/Pods/Target Support Files/Pods-Wallet/Pods-Wallet-resources.sh\"\n";
			showEnvVarsInLog = 0;
		};
		C8FFE267E32D0DA561F352B4 /* Check Pods Manifest.lock */ = {
			isa = PBXShellScriptBuildPhase;
			buildActionMask = 2147483647;
			files = (
			);
			inputPaths = (
			);
			name = "Check Pods Manifest.lock";
			outputPaths = (
			);
			runOnlyForDeploymentPostprocessing = 0;
			shellPath = /bin/sh;
			shellScript = "diff \"${PODS_ROOT}/../Podfile.lock\" \"${PODS_ROOT}/Manifest.lock\" > /dev/null\nif [[ $? != 0 ]] ; then\n    cat << EOM\nerror: The sandbox is not in sync with the Podfile.lock. Run 'pod install' or update your CocoaPods installation.\nEOM\n    exit 1\nfi\n";
			showEnvVarsInLog = 0;
		};
/* End PBXShellScriptBuildPhase section */

/* Begin PBXSourcesBuildPhase section */
		9AAAD5B81B9E0F4F0053F59B /* Sources */ = {
			isa = PBXSourcesBuildPhase;
			buildActionMask = 2147483647;
			files = (
				9AEA2F2D1BA04A69004B2D61 /* Money.m in Sources */,
				9AC700651BD94FB300A07435 /* ConverterViewController.m in Sources */,
				9AEA2F321BA04CB3004B2D61 /* NSObject+GNUStepAddons.m in Sources */,
				9ADBD2CF1BA3117600735722 /* Wallet.m in Sources */,
				9AAAD5C81B9E0F4F0053F59B /* MainViewController.m in Sources */,
				9A93539B1BD7F08F00114781 /* CurrencyConvertorSoap_XMLClient.m in Sources */,
				9AAAD5C51B9E0F4F0053F59B /* AppDelegate.m in Sources */,
				9ADBD2C91BA2EC0300735722 /* Broker.m in Sources */,
				9A9353961BD7F06B00114781 /* ConversionRateResponse.m in Sources */,
				9A9353891BD7EFB100114781 /* CurrencyConvertorSoap_SOAPClient.m in Sources */,
				9A9353971BD7F06B00114781 /* Currency.m in Sources */,
				9AAAD5C21B9E0F4F0053F59B /* main.m in Sources */,
				9A9353951BD7F06B00114781 /* ConversionRate.m in Sources */,
				9A93539E1BD7F13D00114781 /* CurrencyConverterSerivceClient.m in Sources */,
			);
			runOnlyForDeploymentPostprocessing = 0;
		};
		9AAAD5D11B9E0F4F0053F59B /* Sources */ = {
			isa = PBXSourcesBuildPhase;
			buildActionMask = 2147483647;
			files = (
				9ADBD2C61BA2EB0E00735722 /* BrokerTest.m in Sources */,
				9AEA2F351BA05015004B2D61 /* MoneyTest.m in Sources */,
				9ADBD2D01BA3127300735722 /* Wallet.m in Sources */,
				9ADBD2CC1BA2FD6200735722 /* WalletTest.m in Sources */,
				9AEA2F2E1BA04A69004B2D61 /* Money.m in Sources */,
				9AEA2F331BA04CB3004B2D61 /* NSObject+GNUStepAddons.m in Sources */,
				9ADBD2CA1BA2EC2100735722 /* Broker.m in Sources */,
				9A653B561BA5CDB9004ABC5C /* ControllerTest.m in Sources */,
			);
			runOnlyForDeploymentPostprocessing = 0;
		};
/* End PBXSourcesBuildPhase section */

/* Begin PBXTargetDependency section */
		9AAAD5D71B9E0F4F0053F59B /* PBXTargetDependency */ = {
			isa = PBXTargetDependency;
			target = 9AAAD5BB1B9E0F4F0053F59B /* Wallet */;
			targetProxy = 9AAAD5D61B9E0F4F0053F59B /* PBXContainerItemProxy */;
		};
/* End PBXTargetDependency section */

/* Begin PBXVariantGroup section */
		9AAAD5C91B9E0F4F0053F59B /* Main.storyboard */ = {
			isa = PBXVariantGroup;
			children = (
				9AAAD5CA1B9E0F4F0053F59B /* Base */,
			);
			name = Main.storyboard;
			sourceTree = "<group>";
		};
		9AAAD5CE1B9E0F4F0053F59B /* LaunchScreen.xib */ = {
			isa = PBXVariantGroup;
			children = (
				9AAAD5CF1B9E0F4F0053F59B /* Base */,
			);
			name = LaunchScreen.xib;
			sourceTree = "<group>";
		};
/* End PBXVariantGroup section */

/* Begin XCBuildConfiguration section */
		9AAAD5DD1B9E0F4F0053F59B /* Debug */ = {
			isa = XCBuildConfiguration;
			buildSettings = {
				ALWAYS_SEARCH_USER_PATHS = NO;
				CLANG_CXX_LANGUAGE_STANDARD = "gnu++0x";
				CLANG_CXX_LIBRARY = "libc++";
				CLANG_ENABLE_MODULES = YES;
				CLANG_ENABLE_OBJC_ARC = YES;
				CLANG_WARN_BOOL_CONVERSION = YES;
				CLANG_WARN_CONSTANT_CONVERSION = YES;
				CLANG_WARN_DIRECT_OBJC_ISA_USAGE = YES_ERROR;
				CLANG_WARN_EMPTY_BODY = YES;
				CLANG_WARN_ENUM_CONVERSION = YES;
				CLANG_WARN_INT_CONVERSION = YES;
				CLANG_WARN_OBJC_ROOT_CLASS = YES_ERROR;
				CLANG_WARN_UNREACHABLE_CODE = YES;
				CLANG_WARN__DUPLICATE_METHOD_MATCH = YES;
				"CODE_SIGN_IDENTITY[sdk=iphoneos*]" = "iPhone Developer";
				COPY_PHASE_STRIP = NO;
				DEBUG_INFORMATION_FORMAT = "dwarf-with-dsym";
				ENABLE_STRICT_OBJC_MSGSEND = YES;
				ENABLE_TESTABILITY = YES;
				GCC_C_LANGUAGE_STANDARD = gnu99;
				GCC_DYNAMIC_NO_PIC = NO;
				GCC_NO_COMMON_BLOCKS = YES;
				GCC_OPTIMIZATION_LEVEL = 0;
				GCC_PREPROCESSOR_DEFINITIONS = (
					"DEBUG=1",
					"$(inherited)",
				);
				GCC_SYMBOLS_PRIVATE_EXTERN = NO;
				GCC_WARN_64_TO_32_BIT_CONVERSION = YES;
				GCC_WARN_ABOUT_RETURN_TYPE = YES_ERROR;
				GCC_WARN_UNDECLARED_SELECTOR = YES;
				GCC_WARN_UNINITIALIZED_AUTOS = YES_AGGRESSIVE;
				GCC_WARN_UNUSED_FUNCTION = YES;
				GCC_WARN_UNUSED_VARIABLE = YES;
				IPHONEOS_DEPLOYMENT_TARGET = 8.4;
				MTL_ENABLE_DEBUG_INFO = YES;
				ONLY_ACTIVE_ARCH = YES;
				SDKROOT = iphoneos;
				TARGETED_DEVICE_FAMILY = "1,2";
			};
			name = Debug;
		};
		9AAAD5DE1B9E0F4F0053F59B /* Release */ = {
			isa = XCBuildConfiguration;
			buildSettings = {
				ALWAYS_SEARCH_USER_PATHS = NO;
				CLANG_CXX_LANGUAGE_STANDARD = "gnu++0x";
				CLANG_CXX_LIBRARY = "libc++";
				CLANG_ENABLE_MODULES = YES;
				CLANG_ENABLE_OBJC_ARC = YES;
				CLANG_WARN_BOOL_CONVERSION = YES;
				CLANG_WARN_CONSTANT_CONVERSION = YES;
				CLANG_WARN_DIRECT_OBJC_ISA_USAGE = YES_ERROR;
				CLANG_WARN_EMPTY_BODY = YES;
				CLANG_WARN_ENUM_CONVERSION = YES;
				CLANG_WARN_INT_CONVERSION = YES;
				CLANG_WARN_OBJC_ROOT_CLASS = YES_ERROR;
				CLANG_WARN_UNREACHABLE_CODE = YES;
				CLANG_WARN__DUPLICATE_METHOD_MATCH = YES;
				"CODE_SIGN_IDENTITY[sdk=iphoneos*]" = "iPhone Developer";
				COPY_PHASE_STRIP = NO;
				DEBUG_INFORMATION_FORMAT = "dwarf-with-dsym";
				ENABLE_NS_ASSERTIONS = NO;
				ENABLE_STRICT_OBJC_MSGSEND = YES;
				GCC_C_LANGUAGE_STANDARD = gnu99;
				GCC_NO_COMMON_BLOCKS = YES;
				GCC_WARN_64_TO_32_BIT_CONVERSION = YES;
				GCC_WARN_ABOUT_RETURN_TYPE = YES_ERROR;
				GCC_WARN_UNDECLARED_SELECTOR = YES;
				GCC_WARN_UNINITIALIZED_AUTOS = YES_AGGRESSIVE;
				GCC_WARN_UNUSED_FUNCTION = YES;
				GCC_WARN_UNUSED_VARIABLE = YES;
				IPHONEOS_DEPLOYMENT_TARGET = 8.4;
				MTL_ENABLE_DEBUG_INFO = NO;
				SDKROOT = iphoneos;
				TARGETED_DEVICE_FAMILY = "1,2";
				VALIDATE_PRODUCT = YES;
			};
			name = Release;
		};
		9AAAD5E01B9E0F4F0053F59B /* Debug */ = {
			isa = XCBuildConfiguration;
			baseConfigurationReference = 1106C3A67A3EA83720F166D0 /* Pods-Wallet.debug.xcconfig */;
			buildSettings = {
				ASSETCATALOG_COMPILER_APPICON_NAME = AppIcon;
				CODE_SIGN_IDENTITY = "iPhone Developer";
				INFOPLIST_FILE = Wallet/Info.plist;
				LD_RUNPATH_SEARCH_PATHS = "$(inherited) @executable_path/Frameworks";
				PRODUCT_BUNDLE_IDENTIFIER = "com.manuelainc.$(PRODUCT_NAME:rfc1034identifier)";
				PRODUCT_NAME = "$(TARGET_NAME)";
				TARGETED_DEVICE_FAMILY = 1;
			};
			name = Debug;
		};
		9AAAD5E11B9E0F4F0053F59B /* Release */ = {
			isa = XCBuildConfiguration;
			baseConfigurationReference = 1E2DC3994AEC8E882700730C /* Pods-Wallet.release.xcconfig */;
			buildSettings = {
				ASSETCATALOG_COMPILER_APPICON_NAME = AppIcon;
				CODE_SIGN_IDENTITY = "iPhone Developer";
				INFOPLIST_FILE = Wallet/Info.plist;
				LD_RUNPATH_SEARCH_PATHS = "$(inherited) @executable_path/Frameworks";
				PRODUCT_BUNDLE_IDENTIFIER = "com.manuelainc.$(PRODUCT_NAME:rfc1034identifier)";
				PRODUCT_NAME = "$(TARGET_NAME)";
				TARGETED_DEVICE_FAMILY = 1;
			};
			name = Release;
		};
		9AAAD5E31B9E0F4F0053F59B /* Debug */ = {
			isa = XCBuildConfiguration;
			buildSettings = {
				BUNDLE_LOADER = "$(TEST_HOST)";
				FRAMEWORK_SEARCH_PATHS = (
					"$(SDKROOT)/Developer/Library/Frameworks",
					"$(inherited)",
				);
				GCC_PREPROCESSOR_DEFINITIONS = (
					"DEBUG=1",
					"$(inherited)",
				);
				INFOPLIST_FILE = WalletTests/Info.plist;
				LD_RUNPATH_SEARCH_PATHS = "$(inherited) @executable_path/Frameworks @loader_path/Frameworks";
				PRODUCT_BUNDLE_IDENTIFIER = "com.manuelainc.$(PRODUCT_NAME:rfc1034identifier)";
				PRODUCT_NAME = "$(TARGET_NAME)";
				TEST_HOST = "$(BUILT_PRODUCTS_DIR)/Wallet.app/Wallet";
			};
			name = Debug;
		};
		9AAAD5E41B9E0F4F0053F59B /* Release */ = {
			isa = XCBuildConfiguration;
			buildSettings = {
				BUNDLE_LOADER = "$(TEST_HOST)";
				FRAMEWORK_SEARCH_PATHS = (
					"$(SDKROOT)/Developer/Library/Frameworks",
					"$(inherited)",
				);
				INFOPLIST_FILE = WalletTests/Info.plist;
				LD_RUNPATH_SEARCH_PATHS = "$(inherited) @executable_path/Frameworks @loader_path/Frameworks";
				PRODUCT_BUNDLE_IDENTIFIER = "com.manuelainc.$(PRODUCT_NAME:rfc1034identifier)";
				PRODUCT_NAME = "$(TARGET_NAME)";
				TEST_HOST = "$(BUILT_PRODUCTS_DIR)/Wallet.app/Wallet";
			};
			name = Release;
		};
/* End XCBuildConfiguration section */

/* Begin XCConfigurationList section */
		9AAAD5B71B9E0F4F0053F59B /* Build configuration list for PBXProject "Wallet" */ = {
			isa = XCConfigurationList;
			buildConfigurations = (
				9AAAD5DD1B9E0F4F0053F59B /* Debug */,
				9AAAD5DE1B9E0F4F0053F59B /* Release */,
			);
			defaultConfigurationIsVisible = 0;
			defaultConfigurationName = Release;
		};
		9AAAD5DF1B9E0F4F0053F59B /* Build configuration list for PBXNativeTarget "Wallet" */ = {
			isa = XCConfigurationList;
			buildConfigurations = (
				9AAAD5E01B9E0F4F0053F59B /* Debug */,
				9AAAD5E11B9E0F4F0053F59B /* Release */,
			);
			defaultConfigurationIsVisible = 0;
			defaultConfigurationName = Release;
		};
		9AAAD5E21B9E0F4F0053F59B /* Build configuration list for PBXNativeTarget "WalletTests" */ = {
			isa = XCConfigurationList;
			buildConfigurations = (
				9AAAD5E31B9E0F4F0053F59B /* Debug */,
				9AAAD5E41B9E0F4F0053F59B /* Release */,
			);
			defaultConfigurationIsVisible = 0;
			defaultConfigurationName = Release;
		};
/* End XCConfigurationList section */
	};
	rootObject = 9AAAD5B41B9E0F4F0053F59B /* Project object */;
}
